// !$*UTF8*$!
{
	archiveVersion = 1;
	classes = {
	};
	objectVersion = 50;
	objects = {

/* Begin PBXBuildFile section */
		8B824C58228B518800858505 /* AppDelegate.swift in Sources */ = {isa = PBXBuildFile; fileRef = 8B824C57228B518800858505 /* AppDelegate.swift */; };
		8B824C5D228B518900858505 /* Main.storyboard in Resources */ = {isa = PBXBuildFile; fileRef = 8B824C5B228B518900858505 /* Main.storyboard */; };
		8B824C5F228B518D00858505 /* Assets.xcassets in Resources */ = {isa = PBXBuildFile; fileRef = 8B824C5E228B518D00858505 /* Assets.xcassets */; };
		8B824C62228B518D00858505 /* LaunchScreen.storyboard in Resources */ = {isa = PBXBuildFile; fileRef = 8B824C60228B518D00858505 /* LaunchScreen.storyboard */; };
		8B824C6A228B51BB00858505 /* Settings.swift in Sources */ = {isa = PBXBuildFile; fileRef = 8B824C69228B51BB00858505 /* Settings.swift */; };
		8B824C6C228B542D00858505 /* SKSpriteNode+Utility.swift in Sources */ = {isa = PBXBuildFile; fileRef = 8B824C6B228B542D00858505 /* SKSpriteNode+Utility.swift */; };
		8B824C6E228B576400858505 /* GameViewController.swift in Sources */ = {isa = PBXBuildFile; fileRef = 8B824C6D228B576400858505 /* GameViewController.swift */; };
		8B824C70228B578C00858505 /* InfoViewController.swift in Sources */ = {isa = PBXBuildFile; fileRef = 8B824C6F228B578C00858505 /* InfoViewController.swift */; };
		8B824C72228B57A800858505 /* SettingsViewController.swift in Sources */ = {isa = PBXBuildFile; fileRef = 8B824C71228B57A800858505 /* SettingsViewController.swift */; };
/* End PBXBuildFile section */

/* Begin PBXFileReference section */
		8B824C54228B518800858505 /* Contained2.app */ = {isa = PBXFileReference; explicitFileType = wrapper.application; includeInIndex = 0; path = Contained2.app; sourceTree = BUILT_PRODUCTS_DIR; };
		8B824C57228B518800858505 /* AppDelegate.swift */ = {isa = PBXFileReference; lastKnownFileType = sourcecode.swift; path = AppDelegate.swift; sourceTree = "<group>"; };
		8B824C5C228B518900858505 /* Base */ = {isa = PBXFileReference; lastKnownFileType = file.storyboard; name = Base; path = Base.lproj/Main.storyboard; sourceTree = "<group>"; };
		8B824C5E228B518D00858505 /* Assets.xcassets */ = {isa = PBXFileReference; lastKnownFileType = folder.assetcatalog; path = Assets.xcassets; sourceTree = "<group>"; };
		8B824C61228B518D00858505 /* Base */ = {isa = PBXFileReference; lastKnownFileType = file.storyboard; name = Base; path = Base.lproj/LaunchScreen.storyboard; sourceTree = "<group>"; };
		8B824C63228B518D00858505 /* Info.plist */ = {isa = PBXFileReference; lastKnownFileType = text.plist.xml; path = Info.plist; sourceTree = "<group>"; };
		8B824C69228B51BB00858505 /* Settings.swift */ = {isa = PBXFileReference; lastKnownFileType = sourcecode.swift; path = Settings.swift; sourceTree = "<group>"; };
		8B824C6B228B542D00858505 /* SKSpriteNode+Utility.swift */ = {isa = PBXFileReference; fileEncoding = 4; lastKnownFileType = sourcecode.swift; name = "SKSpriteNode+Utility.swift"; path = "../../SKSpriteNode+Utility.swift"; sourceTree = "<group>"; };
		8B824C6D228B576400858505 /* GameViewController.swift */ = {isa = PBXFileReference; lastKnownFileType = sourcecode.swift; path = GameViewController.swift; sourceTree = "<group>"; };
		8B824C6F228B578C00858505 /* InfoViewController.swift */ = {isa = PBXFileReference; lastKnownFileType = sourcecode.swift; path = InfoViewController.swift; sourceTree = "<group>"; };
		8B824C71228B57A800858505 /* SettingsViewController.swift */ = {isa = PBXFileReference; lastKnownFileType = sourcecode.swift; path = SettingsViewController.swift; sourceTree = "<group>"; };
/* End PBXFileReference section */

/* Begin PBXFrameworksBuildPhase section */
		8B824C51228B518800858505 /* Frameworks */ = {
			isa = PBXFrameworksBuildPhase;
			buildActionMask = 2147483647;
			files = (
			);
			runOnlyForDeploymentPostprocessing = 0;
		};
/* End PBXFrameworksBuildPhase section */

/* Begin PBXGroup section */
		8B824C4B228B518800858505 = {
			isa = PBXGroup;
			children = (
				8B824C56228B518800858505 /* Contained2 */,
				8B824C55228B518800858505 /* Products */,
			);
			sourceTree = "<group>";
		};
		8B824C55228B518800858505 /* Products */ = {
			isa = PBXGroup;
			children = (
				8B824C54228B518800858505 /* Contained2.app */,
			);
			name = Products;
			sourceTree = "<group>";
		};
		8B824C56228B518800858505 /* Contained2 */ = {
			isa = PBXGroup;
			children = (
				8B824C57228B518800858505 /* AppDelegate.swift */,
				8B824C6B228B542D00858505 /* SKSpriteNode+Utility.swift */,
				8B824C69228B51BB00858505 /* Settings.swift */,
				8B824C5B228B518900858505 /* Main.storyboard */,
				8B824C6D228B576400858505 /* GameViewController.swift */,
				8B824C6F228B578C00858505 /* InfoViewController.swift */,
				8B824C71228B57A800858505 /* SettingsViewController.swift */,
				8B824C5E228B518D00858505 /* Assets.xcassets */,
				8B824C60228B518D00858505 /* LaunchScreen.storyboard */,
				8B824C63228B518D00858505 /* Info.plist */,
			);
			path = Contained2;
			sourceTree = "<group>";
		};
/* End PBXGroup section */

/* Begin PBXNativeTarget section */
		8B824C53228B518800858505 /* Contained2 */ = {
			isa = PBXNativeTarget;
			buildConfigurationList = 8B824C66228B518D00858505 /* Build configuration list for PBXNativeTarget "Contained2" */;
			buildPhases = (
				8B824C50228B518800858505 /* Sources */,
				8B824C51228B518800858505 /* Frameworks */,
				8B824C52228B518800858505 /* Resources */,
			);
			buildRules = (
			);
			dependencies = (
			);
			name = Contained2;
			productName = Contained2;
			productReference = 8B824C54228B518800858505 /* Contained2.app */;
			productType = "com.apple.product-type.application";
		};
/* End PBXNativeTarget section */

/* Begin PBXProject section */
		8B824C4C228B518800858505 /* Project object */ = {
			isa = PBXProject;
			attributes = {
				LastSwiftUpdateCheck = 1020;
				LastUpgradeCheck = 1020;
				ORGANIZATIONNAME = "Jordan Davis";
				TargetAttributes = {
					8B824C53228B518800858505 = {
						CreatedOnToolsVersion = 10.2.1;
					};
				};
			};
			buildConfigurationList = 8B824C4F228B518800858505 /* Build configuration list for PBXProject "Contained2" */;
			compatibilityVersion = "Xcode 9.3";
			developmentRegion = en;
			hasScannedForEncodings = 0;
			knownRegions = (
				en,
				Base,
			);
			mainGroup = 8B824C4B228B518800858505;
			productRefGroup = 8B824C55228B518800858505 /* Products */;
			projectDirPath = "";
			projectRoot = "";
			targets = (
				8B824C53228B518800858505 /* Contained2 */,
			);
		};
/* End PBXProject section */

/* Begin PBXResourcesBuildPhase section */
		8B824C52228B518800858505 /* Resources */ = {
			isa = PBXResourcesBuildPhase;
			buildActionMask = 2147483647;
			files = (
				8B824C62228B518D00858505 /* LaunchScreen.storyboard in Resources */,
				8B824C5F228B518D00858505 /* Assets.xcassets in Resources */,
				8B824C5D228B518900858505 /* Main.storyboard in Resources */,
			);
			runOnlyForDeploymentPostprocessing = 0;
		};
/* End PBXResourcesBuildPhase section */

/* Begin PBXSourcesBuildPhase section */
		8B824C50228B518800858505 /* Sources */ = {
			isa = PBXSourcesBuildPhase;
			buildActionMask = 2147483647;
			files = (
				8B824C6E228B576400858505 /* GameViewController.swift in Sources */,
				8B824C6A228B51BB00858505 /* Settings.swift in Sources */,
				8B824C58228B518800858505 /* AppDelegate.swift in Sources */,
				8B824C6C228B542D00858505 /* SKSpriteNode+Utility.swift in Sources */,
				8B824C70228B578C00858505 /* InfoViewController.swift in Sources */,
				8B824C72228B57A800858505 /* SettingsViewController.swift in Sources */,
			);
			runOnlyForDeploymentPostprocessing = 0;
		};
/* End PBXSourcesBuildPhase section */

/* Begin PBXVariantGroup section */
		8B824C5B228B518900858505 /* Main.storyboard */ = {
			isa = PBXVariantGroup;
			children = (
				8B824C5C228B518900858505 /* Base */,
			);
			name = Main.storyboard;
			sourceTree = "<group>";
		};
		8B824C60228B518D00858505 /* LaunchScreen.storyboard */ = {
			isa = PBXVariantGroup;
			children = (
				8B824C61228B518D00858505 /* Base */,
			);
			name = LaunchScreen.storyboard;
			sourceTree = "<group>";
		};
/* End PBXVariantGroup section */

/* Begin XCBuildConfiguration section */
		8B824C64228B518D00858505 /* Debug */ = {
			isa = XCBuildConfiguration;
			buildSettings = {
				ALWAYS_SEARCH_USER_PATHS = NO;
				CLANG_ANALYZER_NONNULL = YES;
				CLANG_ANALYZER_NUMBER_OBJECT_CONVERSION = YES_AGGRESSIVE;
				CLANG_CXX_LANGUAGE_STANDARD = "gnu++14";
				CLANG_CXX_LIBRARY = "libc++";
				CLANG_ENABLE_MODULES = YES;
				CLANG_ENABLE_OBJC_ARC = YES;
				CLANG_ENABLE_OBJC_WEAK = YES;
				CLANG_WARN_BLOCK_CAPTURE_AUTORELEASING = YES;
				CLANG_WARN_BOOL_CONVERSION = YES;
				CLANG_WARN_COMMA = YES;
				CLANG_WARN_CONSTANT_CONVERSION = YES;
				CLANG_WARN_DEPRECATED_OBJC_IMPLEMENTATIONS = YES;
				CLANG_WARN_DIRECT_OBJC_ISA_USAGE = YES_ERROR;
				CLANG_WARN_DOCUMENTATION_COMMENTS = YES;
				CLANG_WARN_EMPTY_BODY = YES;
				CLANG_WARN_ENUM_CONVERSION = YES;
				CLANG_WARN_INFINITE_RECURSION = YES;
				CLANG_WARN_INT_CONVERSION = YES;
				CLANG_WARN_NON_LITERAL_NULL_CONVERSION = YES;
				CLANG_WARN_OBJC_IMPLICIT_RETAIN_SELF = YES;
				CLANG_WARN_OBJC_LITERAL_CONVERSION = YES;
				CLANG_WARN_OBJC_ROOT_CLASS = YES_ERROR;
				CLANG_WARN_RANGE_LOOP_ANALYSIS = YES;
				CLANG_WARN_STRICT_PROTOTYPES = YES;
				CLANG_WARN_SUSPICIOUS_MOVE = YES;
				CLANG_WARN_UNGUARDED_AVAILABILITY = YES_AGGRESSIVE;
				CLANG_WARN_UNREACHABLE_CODE = YES;
				CLANG_WARN__DUPLICATE_METHOD_MATCH = YES;
				CODE_SIGN_IDENTITY = "iPhone Developer";
				COPY_PHASE_STRIP = NO;
				DEBUG_INFORMATION_FORMAT = dwarf;
				ENABLE_STRICT_OBJC_MSGSEND = YES;
				ENABLE_TESTABILITY = YES;
				GCC_C_LANGUAGE_STANDARD = gnu11;
				GCC_DYNAMIC_NO_PIC = NO;
				GCC_NO_COMMON_BLOCKS = YES;
				GCC_OPTIMIZATION_LEVEL = 0;
				GCC_PREPROCESSOR_DEFINITIONS = (
					"DEBUG=1",
					"$(inherited)",
				);
				GCC_WARN_64_TO_32_BIT_CONVERSION = YES;
				GCC_WARN_ABOUT_RETURN_TYPE = YES_ERROR;
				GCC_WARN_UNDECLARED_SELECTOR = YES;
				GCC_WARN_UNINITIALIZED_AUTOS = YES_AGGRESSIVE;
				GCC_WARN_UNUSED_FUNCTION = YES;
				GCC_WARN_UNUSED_VARIABLE = YES;
				IPHONEOS_DEPLOYMENT_TARGET = 12.2;
				MTL_ENABLE_DEBUG_INFO = INCLUDE_SOURCE;
				MTL_FAST_MATH = YES;
				ONLY_ACTIVE_ARCH = YES;
				SDKROOT = iphoneos;
				SWIFT_ACTIVE_COMPILATION_CONDITIONS = DEBUG;
				SWIFT_OPTIMIZATION_LEVEL = "-Onone";
			};
			name = Debug;
		};
		8B824C65228B518D00858505 /* Release */ = {
			isa = XCBuildConfiguration;
			buildSettings = {
				ALWAYS_SEARCH_USER_PATHS = NO;
				CLANG_ANALYZER_NONNULL = YES;
				CLANG_ANALYZER_NUMBER_OBJECT_CONVERSION = YES_AGGRESSIVE;
				CLANG_CXX_LANGUAGE_STANDARD = "gnu++14";
				CLANG_CXX_LIBRARY = "libc++";
				CLANG_ENABLE_MODULES = YES;
				CLANG_ENABLE_OBJC_ARC = YES;
				CLANG_ENABLE_OBJC_WEAK = YES;
				CLANG_WARN_BLOCK_CAPTURE_AUTORELEASING = YES;
				CLANG_WARN_BOOL_CONVERSION = YES;
				CLANG_WARN_COMMA = YES;
				CLANG_WARN_CONSTANT_CONVERSION = YES;
				CLANG_WARN_DEPRECATED_OBJC_IMPLEMENTATIONS = YES;
				CLANG_WARN_DIRECT_OBJC_ISA_USAGE = YES_ERROR;
				CLANG_WARN_DOCUMENTATION_COMMENTS = YES;
				CLANG_WARN_EMPTY_BODY = YES;
				CLANG_WARN_ENUM_CONVERSION = YES;
				CLANG_WARN_INFINITE_RECURSION = YES;
				CLANG_WARN_INT_CONVERSION = YES;
				CLANG_WARN_NON_LITERAL_NULL_CONVERSION = YES;
				CLANG_WARN_OBJC_IMPLICIT_RETAIN_SELF = YES;
				CLANG_WARN_OBJC_LITERAL_CONVERSION = YES;
				CLANG_WARN_OBJC_ROOT_CLASS = YES_ERROR;
				CLANG_WARN_RANGE_LOOP_ANALYSIS = YES;
				CLANG_WARN_STRICT_PROTOTYPES = YES;
				CLANG_WARN_SUSPICIOUS_MOVE = YES;
				CLANG_WARN_UNGUARDED_AVAILABILITY = YES_AGGRESSIVE;
				CLANG_WARN_UNREACHABLE_CODE = YES;
				CLANG_WARN__DUPLICATE_METHOD_MATCH = YES;
				CODE_SIGN_IDENTITY = "iPhone Developer";
				COPY_PHASE_STRIP = NO;
				DEBUG_INFORMATION_FORMAT = "dwarf-with-dsym";
				ENABLE_NS_ASSERTIONS = NO;
				ENABLE_STRICT_OBJC_MSGSEND = YES;
				GCC_C_LANGUAGE_STANDARD = gnu11;
				GCC_NO_COMMON_BLOCKS = YES;
				GCC_WARN_64_TO_32_BIT_CONVERSION = YES;
				GCC_WARN_ABOUT_RETURN_TYPE = YES_ERROR;
				GCC_WARN_UNDECLARED_SELECTOR = YES;
				GCC_WARN_UNINITIALIZED_AUTOS = YES_AGGRESSIVE;
				GCC_WARN_UNUSED_FUNCTION = YES;
				GCC_WARN_UNUSED_VARIABLE = YES;
				IPHONEOS_DEPLOYMENT_TARGET = 12.2;
				MTL_ENABLE_DEBUG_INFO = NO;
				MTL_FAST_MATH = YES;
				SDKROOT = iphoneos;
				SWIFT_COMPILATION_MODE = wholemodule;
				SWIFT_OPTIMIZATION_LEVEL = "-O";
				VALIDATE_PRODUCT = YES;
			};
			name = Release;
		};
		8B824C67228B518D00858505 /* Debug */ = {
			isa = XCBuildConfiguration;
			buildSettings = {
				ASSETCATALOG_COMPILER_APPICON_NAME = AppIcon;
				CODE_SIGN_STYLE = Automatic;
				DEVELOPMENT_TEAM = 8RRD3BRVL2;
				INFOPLIST_FILE = Contained2/Info.plist;
				LD_RUNPATH_SEARCH_PATHS = (
					"$(inherited)",
					"@executable_path/Frameworks",
				);
				PRODUCT_BUNDLE_IDENTIFIER = com.jordandavis.Contained2;
				PRODUCT_NAME = "$(TARGET_NAME)";
				SWIFT_VERSION = 5.0;
				TARGETED_DEVICE_FAMILY = "1,2";
			};
			name = Debug;
		};
		8B824C68228B518D00858505 /* Release */ = {
			isa = XCBuildConfiguration;
			buildSettings = {
				ASSETCATALOG_COMPILER_APPICON_NAME = AppIcon;
				CODE_SIGN_STYLE = Automatic;
				DEVELOPMENT_TEAM = 8RRD3BRVL2;
				INFOPLIST_FILE = Contained2/Info.plist;
				LD_RUNPATH_SEARCH_PATHS = (
					"$(inherited)",
					"@executable_path/Frameworks",
				);
				PRODUCT_BUNDLE_IDENTIFIER = com.jordandavis.Contained2;
				PRODUCT_NAME = "$(TARGET_NAME)";
				SWIFT_VERSION = 5.0;
				TARGETED_DEVICE_FAMILY = "1,2";
			};
			name = Release;
		};
/* End XCBuildConfiguration section */

/* Begin XCConfigurationList section */
		8B824C4F228B518800858505 /* Build configuration list for PBXProject "Contained2" */ = {
			isa = XCConfigurationList;
			buildConfigurations = (
				8B824C64228B518D00858505 /* Debug */,
				8B824C65228B518D00858505 /* Release */,
			);
			defaultConfigurationIsVisible = 0;
			defaultConfigurationName = Release;
		};
		8B824C66228B518D00858505 /* Build configuration list for PBXNativeTarget "Contained2" */ = {
			isa = XCConfigurationList;
			buildConfigurations = (
				8B824C67228B518D00858505 /* Debug */,
				8B824C68228B518D00858505 /* Release */,
			);
			defaultConfigurationIsVisible = 0;
			defaultConfigurationName = Release;
		};
/* End XCConfigurationList section */
	};
	rootObject = 8B824C4C228B518800858505 /* Project object */;
}
